
Microsoft Visual Studio Solution File, Format Version 11.00
# Visual Studio 2010
Project("{FAE04EC0-301F-11D3-BF4B-00C04F79EFBC}") = "SpaceCraft", "SpaceCraft\SpaceCraft\SpaceCraft.csproj", "{40951E58-C71B-4B97-B393-7783F5980EA3}"
EndProject
Project("{96E2B04D-8817-42C6-938A-82C39BA4D311}") = "SpaceCraftContent", "SpaceCraft\SpaceCraftContent\SpaceCraftContent.contentproj", "{15E68490-BB08-41CF-A013-46E7DDBD0768}"
EndProject
Global
	GlobalSection(SolutionConfigurationPlatforms) = preSolution
		Debug|x86 = Debug|x86
		Release|x86 = Release|x86
	EndGlobalSection
	GlobalSection(ProjectConfigurationPlatforms) = postSolution
		{40951E58-C71B-4B97-B393-7783F5980EA3}.Debug|x86.ActiveCfg = Debug|x86
		{40951E58-C71B-4B97-B393-7783F5980EA3}.Debug|x86.Build.0 = Debug|x86
		{40951E58-C71B-4B97-B393-7783F5980EA3}.Release|x86.ActiveCfg = Release|x86
		{40951E58-C71B-4B97-B393-7783F5980EA3}.Release|x86.Build.0 = Release|x86
		{15E68490-BB08-41CF-A013-46E7DDBD0768}.Debug|x86.ActiveCfg = Debug|x86
		{15E68490-BB08-41CF-A013-46E7DDBD0768}.Release|x86.ActiveCfg = Release|x86
	EndGlobalSection
	GlobalSection(SolutionProperties) = preSolution
		HideSolutionNode = FALSE
	EndGlobalSection
EndGlobal
